
Microsoft Visual Studio Solution File, Format Version 12.00
# Visual Studio 15
VisualStudioVersion = 15.0.28307.102
MinimumVisualStudioVersion = 10.0.40219.1
Project("{FAE04EC0-301F-11D3-BF4B-00C04F79EFBC}") = "Lupum", "Lupum\Lupum.csproj", "{6D9F93F1-B1D7-4CF4-869C-45421E54356D}"
EndProject
Global
	GlobalSection(SolutionConfigurationPlatforms) = preSolution
		Debug|Any CPU = Debug|Any CPU
		Release|Any CPU = Release|Any CPU
	EndGlobalSection
	GlobalSection(ProjectConfigurationPlatforms) = postSolution
		{6D9F93F1-B1D7-4CF4-869C-45421E54356D}.Debug|Any CPU.ActiveCfg = Debug|Any CPU
		{6D9F93F1-B1D7-4CF4-869C-45421E54356D}.Debug|Any CPU.Build.0 = Debug|Any CPU
		{6D9F93F1-B1D7-4CF4-869C-45421E54356D}.Release|Any CPU.ActiveCfg = Release|Any CPU
		{6D9F93F1-B1D7-4CF4-869C-45421E54356D}.Release|Any CPU.Build.0 = Release|Any CPU
	EndGlobalSection
	GlobalSection(SolutionProperties) = preSolution
		HideSolutionNode = FALSE
	EndGlobalSection
	GlobalSection(ExtensibilityGlobals) = postSolution
		SolutionGuid = {092B3F8D-B1FA-4511-9547-D845A2314F59}
	EndGlobalSection
EndGlobal
